
Microsoft Visual Studio Solution File, Format Version 12.00
# Visual Studio Version 17
VisualStudioVersion = 17.4.33213.308
MinimumVisualStudioVersion = 10.0.40219.1
Project("{FAE04EC0-301F-11D3-BF4B-00C04F79EFBC}") = "CSharpSyntax", "CSharpSyntax\CSharpSyntax.csproj", "{DD4648BA-3670-42D1-B91D-9EE8D516BEA7}"
EndProject
Global
	GlobalSection(SolutionConfigurationPlatforms) = preSolution
		Debug|Any CPU = Debug|Any CPU
		Release|Any CPU = Release|Any CPU
	EndGlobalSection
	GlobalSection(ProjectConfigurationPlatforms) = postSolution
		{DD4648BA-3670-42D1-B91D-9EE8D516BEA7}.Debug|Any CPU.ActiveCfg = Debug|Any CPU
		{DD4648BA-3670-42D1-B91D-9EE8D516BEA7}.Debug|Any CPU.Build.0 = Debug|Any CPU
		{DD4648BA-3670-42D1-B91D-9EE8D516BEA7}.Release|Any CPU.ActiveCfg = Release|Any CPU
		{DD4648BA-3670-42D1-B91D-9EE8D516BEA7}.Release|Any CPU.Build.0 = Release|Any CPU
	EndGlobalSection
	GlobalSection(SolutionProperties) = preSolution
		HideSolutionNode = FALSE
	EndGlobalSection
	GlobalSection(ExtensibilityGlobals) = postSolution
		SolutionGuid = {DD044C78-F8D7-4F9C-9BB3-B64214CFE4F1}
	EndGlobalSection
EndGlobal
