
Microsoft Visual Studio Solution File, Format Version 12.00
# Visual Studio Version 17
VisualStudioVersion = 17.4.33213.308
MinimumVisualStudioVersion = 10.0.40219.1
Project("{FAE04EC0-301F-11D3-BF4B-00C04F79EFBC}") = "CSharpSyntax", "CSharpSyntax\CSharpSyntax.csproj", "{96B32E56-BC37-4DFE-B335-6ECA6A183C89}"
EndProject
Global
	GlobalSection(SolutionConfigurationPlatforms) = preSolution
		Debug|Any CPU = Debug|Any CPU
		Release|Any CPU = Release|Any CPU
	EndGlobalSection
	GlobalSection(ProjectConfigurationPlatforms) = postSolution
		{96B32E56-BC37-4DFE-B335-6ECA6A183C89}.Debug|Any CPU.ActiveCfg = Debug|Any CPU
		{96B32E56-BC37-4DFE-B335-6ECA6A183C89}.Debug|Any CPU.Build.0 = Debug|Any CPU
		{96B32E56-BC37-4DFE-B335-6ECA6A183C89}.Release|Any CPU.ActiveCfg = Release|Any CPU
		{96B32E56-BC37-4DFE-B335-6ECA6A183C89}.Release|Any CPU.Build.0 = Release|Any CPU
	EndGlobalSection
	GlobalSection(SolutionProperties) = preSolution
		HideSolutionNode = FALSE
	EndGlobalSection
	GlobalSection(ExtensibilityGlobals) = postSolution
		SolutionGuid = {DB6E48C8-E841-437C-A52E-125562EBB732}
	EndGlobalSection
EndGlobal
