
Microsoft Visual Studio Solution File, Format Version 12.00
# Visual Studio Version 17
VisualStudioVersion = 17.4.33213.308
MinimumVisualStudioVersion = 10.0.40219.1
Project("{FAE04EC0-301F-11D3-BF4B-00C04F79EFBC}") = "Demo1", "Demo1\Demo1.csproj", "{3CE9A8B2-A65A-4F1A-BCB9-771DD94BE71A}"
EndProject
Project("{FAE04EC0-301F-11D3-BF4B-00C04F79EFBC}") = "Demo1.UnitTests", "Demo1.UnitTests\Demo1.UnitTests.csproj", "{0BD0EA60-F6D1-458A-96D9-FF75210E8CF6}"
EndProject
Global
	GlobalSection(SolutionConfigurationPlatforms) = preSolution
		Debug|Any CPU = Debug|Any CPU
		Release|Any CPU = Release|Any CPU
	EndGlobalSection
	GlobalSection(ProjectConfigurationPlatforms) = postSolution
		{3CE9A8B2-A65A-4F1A-BCB9-771DD94BE71A}.Debug|Any CPU.ActiveCfg = Debug|Any CPU
		{3CE9A8B2-A65A-4F1A-BCB9-771DD94BE71A}.Debug|Any CPU.Build.0 = Debug|Any CPU
		{3CE9A8B2-A65A-4F1A-BCB9-771DD94BE71A}.Release|Any CPU.ActiveCfg = Release|Any CPU
		{3CE9A8B2-A65A-4F1A-BCB9-771DD94BE71A}.Release|Any CPU.Build.0 = Release|Any CPU
		{0BD0EA60-F6D1-458A-96D9-FF75210E8CF6}.Debug|Any CPU.ActiveCfg = Debug|Any CPU
		{0BD0EA60-F6D1-458A-96D9-FF75210E8CF6}.Debug|Any CPU.Build.0 = Debug|Any CPU
		{0BD0EA60-F6D1-458A-96D9-FF75210E8CF6}.Release|Any CPU.ActiveCfg = Release|Any CPU
		{0BD0EA60-F6D1-458A-96D9-FF75210E8CF6}.Release|Any CPU.Build.0 = Release|Any CPU
	EndGlobalSection
	GlobalSection(SolutionProperties) = preSolution
		HideSolutionNode = FALSE
	EndGlobalSection
	GlobalSection(ExtensibilityGlobals) = postSolution
		SolutionGuid = {47866F31-6B45-4BDC-80F0-5BE794DA914C}
	EndGlobalSection
EndGlobal
