
Microsoft Visual Studio Solution File, Format Version 12.00
# Visual Studio Version 17
VisualStudioVersion = 17.4.33213.308
MinimumVisualStudioVersion = 10.0.40219.1
Project("{FAE04EC0-301F-11D3-BF4B-00C04F79EFBC}") = "Banking.UnitTests", "Banking.UnitTests\Banking.UnitTests.csproj", "{79B690C5-4518-454A-8CD5-56776290590D}"
EndProject
Project("{FAE04EC0-301F-11D3-BF4B-00C04F79EFBC}") = "Banking.Domain", "Banking.Domain\Banking.Domain.csproj", "{C341227E-1087-4C72-9065-51136FC3102D}"
EndProject
Global
	GlobalSection(SolutionConfigurationPlatforms) = preSolution
		Debug|Any CPU = Debug|Any CPU
		Release|Any CPU = Release|Any CPU
	EndGlobalSection
	GlobalSection(ProjectConfigurationPlatforms) = postSolution
		{79B690C5-4518-454A-8CD5-56776290590D}.Debug|Any CPU.ActiveCfg = Debug|Any CPU
		{79B690C5-4518-454A-8CD5-56776290590D}.Debug|Any CPU.Build.0 = Debug|Any CPU
		{79B690C5-4518-454A-8CD5-56776290590D}.Release|Any CPU.ActiveCfg = Release|Any CPU
		{79B690C5-4518-454A-8CD5-56776290590D}.Release|Any CPU.Build.0 = Release|Any CPU
		{C341227E-1087-4C72-9065-51136FC3102D}.Debug|Any CPU.ActiveCfg = Debug|Any CPU
		{C341227E-1087-4C72-9065-51136FC3102D}.Debug|Any CPU.Build.0 = Debug|Any CPU
		{C341227E-1087-4C72-9065-51136FC3102D}.Release|Any CPU.ActiveCfg = Release|Any CPU
		{C341227E-1087-4C72-9065-51136FC3102D}.Release|Any CPU.Build.0 = Release|Any CPU
	EndGlobalSection
	GlobalSection(SolutionProperties) = preSolution
		HideSolutionNode = FALSE
	EndGlobalSection
	GlobalSection(ExtensibilityGlobals) = postSolution
		SolutionGuid = {9DD9157B-3AA5-4247-972B-4C6A6D121D7A}
	EndGlobalSection
EndGlobal
