
Microsoft Visual Studio Solution File, Format Version 12.00
# Visual Studio Version 17
VisualStudioVersion = 17.4.33213.308
MinimumVisualStudioVersion = 10.0.40219.1
Project("{FAE04EC0-301F-11D3-BF4B-00C04F79EFBC}") = "LearningResourcesApi", "LearningResourcesApi\LearningResourcesApi.csproj", "{D34BF490-3094-41F5-A5F6-804A8011A10F}"
EndProject
Project("{FAE04EC0-301F-11D3-BF4B-00C04F79EFBC}") = "LearningResourcesApi.IntegrationTests", "LearningResourcesApi.IntegrationTests\LearningResourcesApi.IntegrationTests.csproj", "{EC19CD6D-FC05-495E-BD61-A6F92EA9B579}"
EndProject
Global
	GlobalSection(SolutionConfigurationPlatforms) = preSolution
		Debug|Any CPU = Debug|Any CPU
		Release|Any CPU = Release|Any CPU
	EndGlobalSection
	GlobalSection(ProjectConfigurationPlatforms) = postSolution
		{D34BF490-3094-41F5-A5F6-804A8011A10F}.Debug|Any CPU.ActiveCfg = Debug|Any CPU
		{D34BF490-3094-41F5-A5F6-804A8011A10F}.Debug|Any CPU.Build.0 = Debug|Any CPU
		{D34BF490-3094-41F5-A5F6-804A8011A10F}.Release|Any CPU.ActiveCfg = Release|Any CPU
		{D34BF490-3094-41F5-A5F6-804A8011A10F}.Release|Any CPU.Build.0 = Release|Any CPU
		{EC19CD6D-FC05-495E-BD61-A6F92EA9B579}.Debug|Any CPU.ActiveCfg = Debug|Any CPU
		{EC19CD6D-FC05-495E-BD61-A6F92EA9B579}.Debug|Any CPU.Build.0 = Debug|Any CPU
		{EC19CD6D-FC05-495E-BD61-A6F92EA9B579}.Release|Any CPU.ActiveCfg = Release|Any CPU
		{EC19CD6D-FC05-495E-BD61-A6F92EA9B579}.Release|Any CPU.Build.0 = Release|Any CPU
	EndGlobalSection
	GlobalSection(SolutionProperties) = preSolution
		HideSolutionNode = FALSE
	EndGlobalSection
	GlobalSection(ExtensibilityGlobals) = postSolution
		SolutionGuid = {530875A7-EE41-4BEF-AB3D-DCA24CC0EFBE}
	EndGlobalSection
EndGlobal
